
Microsoft Visual Studio Solution File, Format Version 12.00
# Visual Studio Version 17
VisualStudioVersion = 17.10.35027.167
MinimumVisualStudioVersion = 10.0.40219.1
Project("{FAE04EC0-301F-11D3-BF4B-00C04F79EFBC}") = "TextRPG", "TextRPG.csproj", "{0EDC7F36-AFD3-4145-B3E6-E5B11B5B438B}"
EndProject
Global
	GlobalSection(SolutionConfigurationPlatforms) = preSolution
		Debug|Any CPU = Debug|Any CPU
		Release|Any CPU = Release|Any CPU
	EndGlobalSection
	GlobalSection(ProjectConfigurationPlatforms) = postSolution
		{0EDC7F36-AFD3-4145-B3E6-E5B11B5B438B}.Debug|Any CPU.ActiveCfg = Debug|Any CPU
		{0EDC7F36-AFD3-4145-B3E6-E5B11B5B438B}.Debug|Any CPU.Build.0 = Debug|Any CPU
		{0EDC7F36-AFD3-4145-B3E6-E5B11B5B438B}.Release|Any CPU.ActiveCfg = Release|Any CPU
		{0EDC7F36-AFD3-4145-B3E6-E5B11B5B438B}.Release|Any CPU.Build.0 = Release|Any CPU
	EndGlobalSection
	GlobalSection(SolutionProperties) = preSolution
		HideSolutionNode = FALSE
	EndGlobalSection
	GlobalSection(ExtensibilityGlobals) = postSolution
		SolutionGuid = {AF655B38-9413-46CD-934C-1BC5BF60A4C6}
	EndGlobalSection
EndGlobal
